// !$*UTF8*$!
{
	archiveVersion = 1;
	classes = {
	};
	objectVersion = 50;
	objects = {

/* Begin PBXBuildFile section */
		8A0AA59E26908EF000B8112D /* SecureVC.m in Sources */ = {isa = PBXBuildFile; fileRef = 8A0AA59D26908EF000B8112D /* SecureVC.m */; };
		8A168795268E6D7800AC3262 /* AppDelegate.m in Sources */ = {isa = PBXBuildFile; fileRef = 8A168794268E6D7800AC3262 /* AppDelegate.m */; };
		8A1687A0268E6D7A00AC3262 /* Assets.xcassets in Resources */ = {isa = PBXBuildFile; fileRef = 8A16879F268E6D7A00AC3262 /* Assets.xcassets */; };
		8A1687A3268E6D7A00AC3262 /* LaunchScreen.storyboard in Resources */ = {isa = PBXBuildFile; fileRef = 8A1687A1268E6D7A00AC3262 /* LaunchScreen.storyboard */; };
		8A1687A6268E6D7A00AC3262 /* main.m in Sources */ = {isa = PBXBuildFile; fileRef = 8A1687A5268E6D7A00AC3262 /* main.m */; };
		8A1687AE268E708400AC3262 /* LoginVC.m in Sources */ = {isa = PBXBuildFile; fileRef = 8A1687AD268E708400AC3262 /* LoginVC.m */; };
/* End PBXBuildFile section */

/* Begin PBXFileReference section */
		8A0AA59C26908EF000B8112D /* SecureVC.h */ = {isa = PBXFileReference; lastKnownFileType = sourcecode.c.h; path = SecureVC.h; sourceTree = "<group>"; };
		8A0AA59D26908EF000B8112D /* SecureVC.m */ = {isa = PBXFileReference; lastKnownFileType = sourcecode.c.objc; path = SecureVC.m; sourceTree = "<group>"; };
		8A168790268E6D7800AC3262 /* Task7.app */ = {isa = PBXFileReference; explicitFileType = wrapper.application; includeInIndex = 0; path = Task7.app; sourceTree = BUILT_PRODUCTS_DIR; };
		8A168793268E6D7800AC3262 /* AppDelegate.h */ = {isa = PBXFileReference; lastKnownFileType = sourcecode.c.h; path = AppDelegate.h; sourceTree = "<group>"; };
		8A168794268E6D7800AC3262 /* AppDelegate.m */ = {isa = PBXFileReference; lastKnownFileType = sourcecode.c.objc; path = AppDelegate.m; sourceTree = "<group>"; };
		8A16879F268E6D7A00AC3262 /* Assets.xcassets */ = {isa = PBXFileReference; lastKnownFileType = folder.assetcatalog; path = Assets.xcassets; sourceTree = "<group>"; };
		8A1687A2268E6D7A00AC3262 /* Base */ = {isa = PBXFileReference; lastKnownFileType = file.storyboard; name = Base; path = Base.lproj/LaunchScreen.storyboard; sourceTree = "<group>"; };
		8A1687A4268E6D7A00AC3262 /* Info.plist */ = {isa = PBXFileReference; lastKnownFileType = text.plist.xml; path = Info.plist; sourceTree = "<group>"; };
		8A1687A5268E6D7A00AC3262 /* main.m */ = {isa = PBXFileReference; lastKnownFileType = sourcecode.c.objc; path = main.m; sourceTree = "<group>"; };
		8A1687AC268E708400AC3262 /* LoginVC.h */ = {isa = PBXFileReference; lastKnownFileType = sourcecode.c.h; path = LoginVC.h; sourceTree = "<group>"; };
		8A1687AD268E708400AC3262 /* LoginVC.m */ = {isa = PBXFileReference; lastKnownFileType = sourcecode.c.objc; path = LoginVC.m; sourceTree = "<group>"; };
/* End PBXFileReference section */

/* Begin PBXFrameworksBuildPhase section */
		8A16878D268E6D7800AC3262 /* Frameworks */ = {
			isa = PBXFrameworksBuildPhase;
			buildActionMask = 2147483647;
			files = (
			);
			runOnlyForDeploymentPostprocessing = 0;
		};
/* End PBXFrameworksBuildPhase section */

/* Begin PBXGroup section */
		8A168787268E6D7800AC3262 = {
			isa = PBXGroup;
			children = (
				8A168792268E6D7800AC3262 /* Task7 */,
				8A168791268E6D7800AC3262 /* Products */,
			);
			sourceTree = "<group>";
		};
		8A168791268E6D7800AC3262 /* Products */ = {
			isa = PBXGroup;
			children = (
				8A168790268E6D7800AC3262 /* Task7.app */,
			);
			name = Products;
			sourceTree = "<group>";
		};
		8A168792268E6D7800AC3262 /* Task7 */ = {
			isa = PBXGroup;
			children = (
				8A168793268E6D7800AC3262 /* AppDelegate.h */,
				8A168794268E6D7800AC3262 /* AppDelegate.m */,
				8A16879F268E6D7A00AC3262 /* Assets.xcassets */,
				8A1687A1268E6D7A00AC3262 /* LaunchScreen.storyboard */,
				8A1687A4268E6D7A00AC3262 /* Info.plist */,
				8A1687A5268E6D7A00AC3262 /* main.m */,
				8A1687AC268E708400AC3262 /* LoginVC.h */,
				8A1687AD268E708400AC3262 /* LoginVC.m */,
				8A0AA59C26908EF000B8112D /* SecureVC.h */,
				8A0AA59D26908EF000B8112D /* SecureVC.m */,
			);
			path = Task7;
			sourceTree = "<group>";
		};
/* End PBXGroup section */

/* Begin PBXNativeTarget section */
		8A16878F268E6D7800AC3262 /* Task7 */ = {
			isa = PBXNativeTarget;
			buildConfigurationList = 8A1687A9268E6D7A00AC3262 /* Build configuration list for PBXNativeTarget "Task7" */;
			buildPhases = (
				8A16878C268E6D7800AC3262 /* Sources */,
				8A16878D268E6D7800AC3262 /* Frameworks */,
				8A16878E268E6D7800AC3262 /* Resources */,
			);
			buildRules = (
			);
			dependencies = (
			);
			name = Task7;
			productName = Task7;
			productReference = 8A168790268E6D7800AC3262 /* Task7.app */;
			productType = "com.apple.product-type.application";
		};
/* End PBXNativeTarget section */

/* Begin PBXProject section */
		8A168788268E6D7800AC3262 /* Project object */ = {
			isa = PBXProject;
			attributes = {
				LastUpgradeCheck = 1130;
				ORGANIZATIONNAME = PathFinder;
				TargetAttributes = {
					8A16878F268E6D7800AC3262 = {
						CreatedOnToolsVersion = 11.3.1;
					};
				};
			};
			buildConfigurationList = 8A16878B268E6D7800AC3262 /* Build configuration list for PBXProject "Task7" */;
			compatibilityVersion = "Xcode 9.3";
			developmentRegion = en;
			hasScannedForEncodings = 0;
			knownRegions = (
				en,
				Base,
			);
			mainGroup = 8A168787268E6D7800AC3262;
			productRefGroup = 8A168791268E6D7800AC3262 /* Products */;
			projectDirPath = "";
			projectRoot = "";
			targets = (
				8A16878F268E6D7800AC3262 /* Task7 */,
			);
		};
/* End PBXProject section */

/* Begin PBXResourcesBuildPhase section */
		8A16878E268E6D7800AC3262 /* Resources */ = {
			isa = PBXResourcesBuildPhase;
			buildActionMask = 2147483647;
			files = (
				8A1687A3268E6D7A00AC3262 /* LaunchScreen.storyboard in Resources */,
				8A1687A0268E6D7A00AC3262 /* Assets.xcassets in Resources */,
			);
			runOnlyForDeploymentPostprocessing = 0;
		};
/* End PBXResourcesBuildPhase section */

/* Begin PBXSourcesBuildPhase section */
		8A16878C268E6D7800AC3262 /* Sources */ = {
			isa = PBXSourcesBuildPhase;
			buildActionMask = 2147483647;
			files = (
				8A168795268E6D7800AC3262 /* AppDelegate.m in Sources */,
				8A0AA59E26908EF000B8112D /* SecureVC.m in Sources */,
				8A1687A6268E6D7A00AC3262 /* main.m in Sources */,
				8A1687AE268E708400AC3262 /* LoginVC.m in Sources */,
			);
			runOnlyForDeploymentPostprocessing = 0;
		};
/* End PBXSourcesBuildPhase section */

/* Begin PBXVariantGroup section */
		8A1687A1268E6D7A00AC3262 /* LaunchScreen.storyboard */ = {
			isa = PBXVariantGroup;
			children = (
				8A1687A2268E6D7A00AC3262 /* Base */,
			);
			name = LaunchScreen.storyboard;
			sourceTree = "<group>";
		};
/* End PBXVariantGroup section */

/* Begin XCBuildConfiguration section */
		8A1687A7268E6D7A00AC3262 /* Debug */ = {
			isa = XCBuildConfiguration;
			buildSettings = {
				ALWAYS_SEARCH_USER_PATHS = NO;
				CLANG_ANALYZER_NONNULL = YES;
				CLANG_ANALYZER_NUMBER_OBJECT_CONVERSION = YES_AGGRESSIVE;
				CLANG_CXX_LANGUAGE_STANDARD = "gnu++14";
				CLANG_CXX_LIBRARY = "libc++";
				CLANG_ENABLE_MODULES = YES;
				CLANG_ENABLE_OBJC_ARC = YES;
				CLANG_ENABLE_OBJC_WEAK = YES;
				CLANG_WARN_BLOCK_CAPTURE_AUTORELEASING = YES;
				CLANG_WARN_BOOL_CONVERSION = YES;
				CLANG_WARN_COMMA = YES;
				CLANG_WARN_CONSTANT_CONVERSION = YES;
				CLANG_WARN_DEPRECATED_OBJC_IMPLEMENTATIONS = YES;
				CLANG_WARN_DIRECT_OBJC_ISA_USAGE = YES_ERROR;
				CLANG_WARN_DOCUMENTATION_COMMENTS = YES;
				CLANG_WARN_EMPTY_BODY = YES;
				CLANG_WARN_ENUM_CONVERSION = YES;
				CLANG_WARN_INFINITE_RECURSION = YES;
				CLANG_WARN_INT_CONVERSION = YES;
				CLANG_WARN_NON_LITERAL_NULL_CONVERSION = YES;
				CLANG_WARN_OBJC_IMPLICIT_RETAIN_SELF = YES;
				CLANG_WARN_OBJC_LITERAL_CONVERSION = YES;
				CLANG_WARN_OBJC_ROOT_CLASS = YES_ERROR;
				CLANG_WARN_RANGE_LOOP_ANALYSIS = YES;
				CLANG_WARN_STRICT_PROTOTYPES = YES;
				CLANG_WARN_SUSPICIOUS_MOVE = YES;
				CLANG_WARN_UNGUARDED_AVAILABILITY = YES_AGGRESSIVE;
				CLANG_WARN_UNREACHABLE_CODE = YES;
				CLANG_WARN__DUPLICATE_METHOD_MATCH = YES;
				COPY_PHASE_STRIP = NO;
				DEBUG_INFORMATION_FORMAT = dwarf;
				ENABLE_STRICT_OBJC_MSGSEND = YES;
				ENABLE_TESTABILITY = YES;
				GCC_C_LANGUAGE_STANDARD = gnu11;
				GCC_DYNAMIC_NO_PIC = NO;
				GCC_NO_COMMON_BLOCKS = YES;
				GCC_OPTIMIZATION_LEVEL = 0;
				GCC_PREPROCESSOR_DEFINITIONS = (
					"DEBUG=1",
					"$(inherited)",
				);
				GCC_WARN_64_TO_32_BIT_CONVERSION = YES;
				GCC_WARN_ABOUT_RETURN_TYPE = YES_ERROR;
				GCC_WARN_UNDECLARED_SELECTOR = YES;
				GCC_WARN_UNINITIALIZED_AUTOS = YES_AGGRESSIVE;
				GCC_WARN_UNUSED_FUNCTION = YES;
				GCC_WARN_UNUSED_VARIABLE = YES;
				IPHONEOS_DEPLOYMENT_TARGET = 12.1;
				MTL_ENABLE_DEBUG_INFO = INCLUDE_SOURCE;
				MTL_FAST_MATH = YES;
				ONLY_ACTIVE_ARCH = YES;
				SDKROOT = iphoneos;
			};
			name = Debug;
		};
		8A1687A8268E6D7A00AC3262 /* Release */ = {
			isa = XCBuildConfiguration;
			buildSettings = {
				ALWAYS_SEARCH_USER_PATHS = NO;
				CLANG_ANALYZER_NONNULL = YES;
				CLANG_ANALYZER_NUMBER_OBJECT_CONVERSION = YES_AGGRESSIVE;
				CLANG_CXX_LANGUAGE_STANDARD = "gnu++14";
				CLANG_CXX_LIBRARY = "libc++";
				CLANG_ENABLE_MODULES = YES;
				CLANG_ENABLE_OBJC_ARC = YES;
				CLANG_ENABLE_OBJC_WEAK = YES;
				CLANG_WARN_BLOCK_CAPTURE_AUTORELEASING = YES;
				CLANG_WARN_BOOL_CONVERSION = YES;
				CLANG_WARN_COMMA = YES;
				CLANG_WARN_CONSTANT_CONVERSION = YES;
				CLANG_WARN_DEPRECATED_OBJC_IMPLEMENTATIONS = YES;
				CLANG_WARN_DIRECT_OBJC_ISA_USAGE = YES_ERROR;
				CLANG_WARN_DOCUMENTATION_COMMENTS = YES;
				CLANG_WARN_EMPTY_BODY = YES;
				CLANG_WARN_ENUM_CONVERSION = YES;
				CLANG_WARN_INFINITE_RECURSION = YES;
				CLANG_WARN_INT_CONVERSION = YES;
				CLANG_WARN_NON_LITERAL_NULL_CONVERSION = YES;
				CLANG_WARN_OBJC_IMPLICIT_RETAIN_SELF = YES;
				CLANG_WARN_OBJC_LITERAL_CONVERSION = YES;
				CLANG_WARN_OBJC_ROOT_CLASS = YES_ERROR;
				CLANG_WARN_RANGE_LOOP_ANALYSIS = YES;
				CLANG_WARN_STRICT_PROTOTYPES = YES;
				CLANG_WARN_SUSPICIOUS_MOVE = YES;
				CLANG_WARN_UNGUARDED_AVAILABILITY = YES_AGGRESSIVE;
				CLANG_WARN_UNREACHABLE_CODE = YES;
				CLANG_WARN__DUPLICATE_METHOD_MATCH = YES;
				COPY_PHASE_STRIP = NO;
				DEBUG_INFORMATION_FORMAT = "dwarf-with-dsym";
				ENABLE_NS_ASSERTIONS = NO;
				ENABLE_STRICT_OBJC_MSGSEND = YES;
				GCC_C_LANGUAGE_STANDARD = gnu11;
				GCC_NO_COMMON_BLOCKS = YES;
				GCC_WARN_64_TO_32_BIT_CONVERSION = YES;
				GCC_WARN_ABOUT_RETURN_TYPE = YES_ERROR;
				GCC_WARN_UNDECLARED_SELECTOR = YES;
				GCC_WARN_UNINITIALIZED_AUTOS = YES_AGGRESSIVE;
				GCC_WARN_UNUSED_FUNCTION = YES;
				GCC_WARN_UNUSED_VARIABLE = YES;
				IPHONEOS_DEPLOYMENT_TARGET = 12.1;
				MTL_ENABLE_DEBUG_INFO = NO;
				MTL_FAST_MATH = YES;
				SDKROOT = iphoneos;
				VALIDATE_PRODUCT = YES;
			};
			name = Release;
		};
		8A1687AA268E6D7A00AC3262 /* Debug */ = {
			isa = XCBuildConfiguration;
			buildSettings = {
				ASSETCATALOG_COMPILER_APPICON_NAME = AppIcon;
				CODE_SIGN_STYLE = Manual;
				DEVELOPMENT_TEAM = "";
				INFOPLIST_FILE = Task7/Info.plist;
				IPHONEOS_DEPLOYMENT_TARGET = 12.1;
				LD_RUNPATH_SEARCH_PATHS = (
					"$(inherited)",
					"@executable_path/Frameworks",
				);
				PRODUCT_BUNDLE_IDENTIFIER = ua.com.pathfinder.Task7;
				PRODUCT_NAME = "$(TARGET_NAME)";
				PROVISIONING_PROFILE_SPECIFIER = "";
				TARGETED_DEVICE_FAMILY = "1,2";
			};
			name = Debug;
		};
		8A1687AB268E6D7A00AC3262 /* Release */ = {
			isa = XCBuildConfiguration;
			buildSettings = {
				ASSETCATALOG_COMPILER_APPICON_NAME = AppIcon;
				CODE_SIGN_STYLE = Manual;
				DEVELOPMENT_TEAM = "";
				INFOPLIST_FILE = Task7/Info.plist;
				IPHONEOS_DEPLOYMENT_TARGET = 12.1;
				LD_RUNPATH_SEARCH_PATHS = (
					"$(inherited)",
					"@executable_path/Frameworks",
				);
				PRODUCT_BUNDLE_IDENTIFIER = ua.com.pathfinder.Task7;
				PRODUCT_NAME = "$(TARGET_NAME)";
				PROVISIONING_PROFILE_SPECIFIER = "";
				TARGETED_DEVICE_FAMILY = "1,2";
			};
			name = Release;
		};
/* End XCBuildConfiguration section */

/* Begin XCConfigurationList section */
		8A16878B268E6D7800AC3262 /* Build configuration list for PBXProject "Task7" */ = {
			isa = XCConfigurationList;
			buildConfigurations = (
				8A1687A7268E6D7A00AC3262 /* Debug */,
				8A1687A8268E6D7A00AC3262 /* Release */,
			);
			defaultConfigurationIsVisible = 0;
			defaultConfigurationName = Release;
		};
		8A1687A9268E6D7A00AC3262 /* Build configuration list for PBXNativeTarget "Task7" */ = {
			isa = XCConfigurationList;
			buildConfigurations = (
				8A1687AA268E6D7A00AC3262 /* Debug */,
				8A1687AB268E6D7A00AC3262 /* Release */,
			);
			defaultConfigurationIsVisible = 0;
			defaultConfigurationName = Release;
		};
/* End XCConfigurationList section */
	};
	rootObject = 8A168788268E6D7800AC3262 /* Project object */;
}
